// !$*UTF8*$!
{
	archiveVersion = 1;
	classes = {
	};
	objectVersion = 56;
	objects = {

/* Begin PBXBuildFile section */
		894F137D2995848A00CF2A46 /* AppDelegate.swift in Sources */ = {isa = PBXBuildFile; fileRef = 894F137C2995848A00CF2A46 /* AppDelegate.swift */; };
		894F137F2995848A00CF2A46 /* SceneDelegate.swift in Sources */ = {isa = PBXBuildFile; fileRef = 894F137E2995848A00CF2A46 /* SceneDelegate.swift */; };
		894F13812995848A00CF2A46 /* ViewController.swift in Sources */ = {isa = PBXBuildFile; fileRef = 894F13802995848A00CF2A46 /* ViewController.swift */; };
		894F13842995848A00CF2A46 /* Main.storyboard in Resources */ = {isa = PBXBuildFile; fileRef = 894F13822995848A00CF2A46 /* Main.storyboard */; };
		894F13862995848B00CF2A46 /* Assets.xcassets in Resources */ = {isa = PBXBuildFile; fileRef = 894F13852995848B00CF2A46 /* Assets.xcassets */; };
		894F13892995848B00CF2A46 /* LaunchScreen.storyboard in Resources */ = {isa = PBXBuildFile; fileRef = 894F13872995848B00CF2A46 /* LaunchScreen.storyboard */; };
		894F139129958E7100CF2A46 /* Home.swift in Sources */ = {isa = PBXBuildFile; fileRef = 894F139029958E7100CF2A46 /* Home.swift */; };
		894F139429968CF500CF2A46 /* CurrentConditionsViewController.swift in Sources */ = {isa = PBXBuildFile; fileRef = 894F139329968CF500CF2A46 /* CurrentConditionsViewController.swift */; };
		89FE18762996AB1200742867 /* TodayViewController.swift in Sources */ = {isa = PBXBuildFile; fileRef = 89FE18752996AB1200742867 /* TodayViewController.swift */; };
		89FE18782996AB1E00742867 /* TenDayViewController.swift in Sources */ = {isa = PBXBuildFile; fileRef = 89FE18772996AB1E00742867 /* TenDayViewController.swift */; };
		89FE187B2996D28800742867 /* API_Controller.swift in Sources */ = {isa = PBXBuildFile; fileRef = 89FE187A2996D28800742867 /* API_Controller.swift */; };
		89FE187D2996DA9C00742867 /* DataManager.swift in Sources */ = {isa = PBXBuildFile; fileRef = 89FE187C2996DA9C00742867 /* DataManager.swift */; };
		89FE187F2996E8A300742867 /* API_Strings.swift in Sources */ = {isa = PBXBuildFile; fileRef = 89FE187E2996E8A300742867 /* API_Strings.swift */; };
		89FE1881299A805A00742867 /* CurrentPressureGaugeController.swift in Sources */ = {isa = PBXBuildFile; fileRef = 89FE1880299A805A00742867 /* CurrentPressureGaugeController.swift */; };
/* End PBXBuildFile section */

/* Begin PBXFileReference section */
		894F13792995848A00CF2A46 /* simple-barometer.app */ = {isa = PBXFileReference; explicitFileType = wrapper.application; includeInIndex = 0; path = "simple-barometer.app"; sourceTree = BUILT_PRODUCTS_DIR; };
		894F137C2995848A00CF2A46 /* AppDelegate.swift */ = {isa = PBXFileReference; lastKnownFileType = sourcecode.swift; path = AppDelegate.swift; sourceTree = "<group>"; };
		894F137E2995848A00CF2A46 /* SceneDelegate.swift */ = {isa = PBXFileReference; lastKnownFileType = sourcecode.swift; path = SceneDelegate.swift; sourceTree = "<group>"; };
		894F13802995848A00CF2A46 /* ViewController.swift */ = {isa = PBXFileReference; lastKnownFileType = sourcecode.swift; path = ViewController.swift; sourceTree = "<group>"; };
		894F13832995848A00CF2A46 /* Base */ = {isa = PBXFileReference; lastKnownFileType = file.storyboard; name = Base; path = Base.lproj/Main.storyboard; sourceTree = "<group>"; };
		894F13852995848B00CF2A46 /* Assets.xcassets */ = {isa = PBXFileReference; lastKnownFileType = folder.assetcatalog; path = Assets.xcassets; sourceTree = "<group>"; };
		894F13882995848B00CF2A46 /* Base */ = {isa = PBXFileReference; lastKnownFileType = file.storyboard; name = Base; path = Base.lproj/LaunchScreen.storyboard; sourceTree = "<group>"; };
		894F138A2995848B00CF2A46 /* Info.plist */ = {isa = PBXFileReference; lastKnownFileType = text.plist.xml; path = Info.plist; sourceTree = "<group>"; };
		894F139029958E7100CF2A46 /* Home.swift */ = {isa = PBXFileReference; lastKnownFileType = sourcecode.swift; path = Home.swift; sourceTree = "<group>"; };
		894F139329968CF500CF2A46 /* CurrentConditionsViewController.swift */ = {isa = PBXFileReference; lastKnownFileType = sourcecode.swift; path = CurrentConditionsViewController.swift; sourceTree = "<group>"; };
		89FE18752996AB1200742867 /* TodayViewController.swift */ = {isa = PBXFileReference; lastKnownFileType = sourcecode.swift; path = TodayViewController.swift; sourceTree = "<group>"; };
		89FE18772996AB1E00742867 /* TenDayViewController.swift */ = {isa = PBXFileReference; lastKnownFileType = sourcecode.swift; path = TenDayViewController.swift; sourceTree = "<group>"; };
		89FE187A2996D28800742867 /* API_Controller.swift */ = {isa = PBXFileReference; lastKnownFileType = sourcecode.swift; path = API_Controller.swift; sourceTree = "<group>"; };
		89FE187C2996DA9C00742867 /* DataManager.swift */ = {isa = PBXFileReference; lastKnownFileType = sourcecode.swift; path = DataManager.swift; sourceTree = "<group>"; };
		89FE187E2996E8A300742867 /* API_Strings.swift */ = {isa = PBXFileReference; lastKnownFileType = sourcecode.swift; path = API_Strings.swift; sourceTree = "<group>"; };
		89FE1880299A805A00742867 /* CurrentPressureGaugeController.swift */ = {isa = PBXFileReference; lastKnownFileType = sourcecode.swift; path = CurrentPressureGaugeController.swift; sourceTree = "<group>"; };
/* End PBXFileReference section */

/* Begin PBXFrameworksBuildPhase section */
		894F13762995848A00CF2A46 /* Frameworks */ = {
			isa = PBXFrameworksBuildPhase;
			buildActionMask = 2147483647;
			files = (
			);
			runOnlyForDeploymentPostprocessing = 0;
		};
/* End PBXFrameworksBuildPhase section */

/* Begin PBXGroup section */
		894F13702995848A00CF2A46 = {
			isa = PBXGroup;
			children = (
				894F137B2995848A00CF2A46 /* simple-barometer */,
				894F137A2995848A00CF2A46 /* Products */,
			);
			sourceTree = "<group>";
		};
		894F137A2995848A00CF2A46 /* Products */ = {
			isa = PBXGroup;
			children = (
				894F13792995848A00CF2A46 /* simple-barometer.app */,
			);
			name = Products;
			sourceTree = "<group>";
		};
		894F137B2995848A00CF2A46 /* simple-barometer */ = {
			isa = PBXGroup;
			children = (
				894F137C2995848A00CF2A46 /* AppDelegate.swift */,
				894F137E2995848A00CF2A46 /* SceneDelegate.swift */,
				894F13802995848A00CF2A46 /* ViewController.swift */,
				894F13822995848A00CF2A46 /* Main.storyboard */,
				894F13852995848B00CF2A46 /* Assets.xcassets */,
				894F13872995848B00CF2A46 /* LaunchScreen.storyboard */,
				894F138A2995848B00CF2A46 /* Info.plist */,
				894F139029958E7100CF2A46 /* Home.swift */,
				89FE18792996D25000742867 /* API_Data */,
				894F139229968CD500CF2A46 /* CurrentConditions */,
				89FE18732996AAC500742867 /* DayView */,
				89FE18742996AADB00742867 /* TenDayView */,
			);
			path = "simple-barometer";
			sourceTree = "<group>";
		};
		894F139229968CD500CF2A46 /* CurrentConditions */ = {
			isa = PBXGroup;
			children = (
				894F139329968CF500CF2A46 /* CurrentConditionsViewController.swift */,
				89FE1880299A805A00742867 /* CurrentPressureGaugeController.swift */,
			);
			path = CurrentConditions;
			sourceTree = "<group>";
		};
		89FE18732996AAC500742867 /* DayView */ = {
			isa = PBXGroup;
			children = (
				89FE18752996AB1200742867 /* TodayViewController.swift */,
			);
			path = DayView;
			sourceTree = "<group>";
		};
		89FE18742996AADB00742867 /* TenDayView */ = {
			isa = PBXGroup;
			children = (
				89FE18772996AB1E00742867 /* TenDayViewController.swift */,
			);
			path = TenDayView;
			sourceTree = "<group>";
		};
		89FE18792996D25000742867 /* API_Data */ = {
			isa = PBXGroup;
			children = (
				89FE187A2996D28800742867 /* API_Controller.swift */,
				89FE187C2996DA9C00742867 /* DataManager.swift */,
				89FE187E2996E8A300742867 /* API_Strings.swift */,
			);
			path = API_Data;
			sourceTree = "<group>";
		};
/* End PBXGroup section */

/* Begin PBXNativeTarget section */
		894F13782995848A00CF2A46 /* simple-barometer */ = {
			isa = PBXNativeTarget;
			buildConfigurationList = 894F138D2995848B00CF2A46 /* Build configuration list for PBXNativeTarget "simple-barometer" */;
			buildPhases = (
				894F13752995848A00CF2A46 /* Sources */,
				894F13762995848A00CF2A46 /* Frameworks */,
				894F13772995848A00CF2A46 /* Resources */,
			);
			buildRules = (
			);
			dependencies = (
			);
			name = "simple-barometer";
			productName = "simple-barometer";
			productReference = 894F13792995848A00CF2A46 /* simple-barometer.app */;
			productType = "com.apple.product-type.application";
		};
/* End PBXNativeTarget section */

/* Begin PBXProject section */
		894F13712995848A00CF2A46 /* Project object */ = {
			isa = PBXProject;
			attributes = {
				BuildIndependentTargetsInParallel = 1;
				LastSwiftUpdateCheck = 1420;
				LastUpgradeCheck = 1420;
				TargetAttributes = {
					894F13782995848A00CF2A46 = {
						CreatedOnToolsVersion = 14.2;
					};
				};
			};
			buildConfigurationList = 894F13742995848A00CF2A46 /* Build configuration list for PBXProject "simple-barometer" */;
			compatibilityVersion = "Xcode 14.0";
			developmentRegion = en;
			hasScannedForEncodings = 0;
			knownRegions = (
				en,
				Base,
			);
			mainGroup = 894F13702995848A00CF2A46;
			productRefGroup = 894F137A2995848A00CF2A46 /* Products */;
			projectDirPath = "";
			projectRoot = "";
			targets = (
				894F13782995848A00CF2A46 /* simple-barometer */,
			);
		};
/* End PBXProject section */

/* Begin PBXResourcesBuildPhase section */
		894F13772995848A00CF2A46 /* Resources */ = {
			isa = PBXResourcesBuildPhase;
			buildActionMask = 2147483647;
			files = (
				894F13892995848B00CF2A46 /* LaunchScreen.storyboard in Resources */,
				894F13862995848B00CF2A46 /* Assets.xcassets in Resources */,
				894F13842995848A00CF2A46 /* Main.storyboard in Resources */,
			);
			runOnlyForDeploymentPostprocessing = 0;
		};
/* End PBXResourcesBuildPhase section */

/* Begin PBXSourcesBuildPhase section */
		894F13752995848A00CF2A46 /* Sources */ = {
			isa = PBXSourcesBuildPhase;
			buildActionMask = 2147483647;
			files = (
				894F13812995848A00CF2A46 /* ViewController.swift in Sources */,
				894F139129958E7100CF2A46 /* Home.swift in Sources */,
				89FE18762996AB1200742867 /* TodayViewController.swift in Sources */,
				894F139429968CF500CF2A46 /* CurrentConditionsViewController.swift in Sources */,
				89FE187B2996D28800742867 /* API_Controller.swift in Sources */,
				89FE1881299A805A00742867 /* CurrentPressureGaugeController.swift in Sources */,
				894F137D2995848A00CF2A46 /* AppDelegate.swift in Sources */,
				89FE18782996AB1E00742867 /* TenDayViewController.swift in Sources */,
				89FE187D2996DA9C00742867 /* DataManager.swift in Sources */,
				894F137F2995848A00CF2A46 /* SceneDelegate.swift in Sources */,
				89FE187F2996E8A300742867 /* API_Strings.swift in Sources */,
			);
			runOnlyForDeploymentPostprocessing = 0;
		};
/* End PBXSourcesBuildPhase section */

/* Begin PBXVariantGroup section */
		894F13822995848A00CF2A46 /* Main.storyboard */ = {
			isa = PBXVariantGroup;
			children = (
				894F13832995848A00CF2A46 /* Base */,
			);
			name = Main.storyboard;
			sourceTree = "<group>";
		};
		894F13872995848B00CF2A46 /* LaunchScreen.storyboard */ = {
			isa = PBXVariantGroup;
			children = (
				894F13882995848B00CF2A46 /* Base */,
			);
			name = LaunchScreen.storyboard;
			sourceTree = "<group>";
		};
/* End PBXVariantGroup section */

/* Begin XCBuildConfiguration section */
		894F138B2995848B00CF2A46 /* Debug */ = {
			isa = XCBuildConfiguration;
			buildSettings = {
				ALWAYS_SEARCH_USER_PATHS = NO;
				CLANG_ANALYZER_NONNULL = YES;
				CLANG_ANALYZER_NUMBER_OBJECT_CONVERSION = YES_AGGRESSIVE;
				CLANG_CXX_LANGUAGE_STANDARD = "gnu++20";
				CLANG_ENABLE_MODULES = YES;
				CLANG_ENABLE_OBJC_ARC = YES;
				CLANG_ENABLE_OBJC_WEAK = YES;
				CLANG_WARN_BLOCK_CAPTURE_AUTORELEASING = YES;
				CLANG_WARN_BOOL_CONVERSION = YES;
				CLANG_WARN_COMMA = YES;
				CLANG_WARN_CONSTANT_CONVERSION = YES;
				CLANG_WARN_DEPRECATED_OBJC_IMPLEMENTATIONS = YES;
				CLANG_WARN_DIRECT_OBJC_ISA_USAGE = YES_ERROR;
				CLANG_WARN_DOCUMENTATION_COMMENTS = YES;
				CLANG_WARN_EMPTY_BODY = YES;
				CLANG_WARN_ENUM_CONVERSION = YES;
				CLANG_WARN_INFINITE_RECURSION = YES;
				CLANG_WARN_INT_CONVERSION = YES;
				CLANG_WARN_NON_LITERAL_NULL_CONVERSION = YES;
				CLANG_WARN_OBJC_IMPLICIT_RETAIN_SELF = YES;
				CLANG_WARN_OBJC_LITERAL_CONVERSION = YES;
				CLANG_WARN_OBJC_ROOT_CLASS = YES_ERROR;
				CLANG_WARN_QUOTED_INCLUDE_IN_FRAMEWORK_HEADER = YES;
				CLANG_WARN_RANGE_LOOP_ANALYSIS = YES;
				CLANG_WARN_STRICT_PROTOTYPES = YES;
				CLANG_WARN_SUSPICIOUS_MOVE = YES;
				CLANG_WARN_UNGUARDED_AVAILABILITY = YES_AGGRESSIVE;
				CLANG_WARN_UNREACHABLE_CODE = YES;
				CLANG_WARN__DUPLICATE_METHOD_MATCH = YES;
				COPY_PHASE_STRIP = NO;
				DEBUG_INFORMATION_FORMAT = dwarf;
				ENABLE_STRICT_OBJC_MSGSEND = YES;
				ENABLE_TESTABILITY = YES;
				GCC_C_LANGUAGE_STANDARD = gnu11;
				GCC_DYNAMIC_NO_PIC = NO;
				GCC_NO_COMMON_BLOCKS = YES;
				GCC_OPTIMIZATION_LEVEL = 0;
				GCC_PREPROCESSOR_DEFINITIONS = (
					"DEBUG=1",
					"$(inherited)",
				);
				GCC_WARN_64_TO_32_BIT_CONVERSION = YES;
				GCC_WARN_ABOUT_RETURN_TYPE = YES_ERROR;
				GCC_WARN_UNDECLARED_SELECTOR = YES;
				GCC_WARN_UNINITIALIZED_AUTOS = YES_AGGRESSIVE;
				GCC_WARN_UNUSED_FUNCTION = YES;
				GCC_WARN_UNUSED_VARIABLE = YES;
				IPHONEOS_DEPLOYMENT_TARGET = 16.2;
				MTL_ENABLE_DEBUG_INFO = INCLUDE_SOURCE;
				MTL_FAST_MATH = YES;
				ONLY_ACTIVE_ARCH = YES;
				SDKROOT = iphoneos;
				SWIFT_ACTIVE_COMPILATION_CONDITIONS = DEBUG;
				SWIFT_OPTIMIZATION_LEVEL = "-Onone";
			};
			name = Debug;
		};
		894F138C2995848B00CF2A46 /* Release */ = {
			isa = XCBuildConfiguration;
			buildSettings = {
				ALWAYS_SEARCH_USER_PATHS = NO;
				CLANG_ANALYZER_NONNULL = YES;
				CLANG_ANALYZER_NUMBER_OBJECT_CONVERSION = YES_AGGRESSIVE;
				CLANG_CXX_LANGUAGE_STANDARD = "gnu++20";
				CLANG_ENABLE_MODULES = YES;
				CLANG_ENABLE_OBJC_ARC = YES;
				CLANG_ENABLE_OBJC_WEAK = YES;
				CLANG_WARN_BLOCK_CAPTURE_AUTORELEASING = YES;
				CLANG_WARN_BOOL_CONVERSION = YES;
				CLANG_WARN_COMMA = YES;
				CLANG_WARN_CONSTANT_CONVERSION = YES;
				CLANG_WARN_DEPRECATED_OBJC_IMPLEMENTATIONS = YES;
				CLANG_WARN_DIRECT_OBJC_ISA_USAGE = YES_ERROR;
				CLANG_WARN_DOCUMENTATION_COMMENTS = YES;
				CLANG_WARN_EMPTY_BODY = YES;
				CLANG_WARN_ENUM_CONVERSION = YES;
				CLANG_WARN_INFINITE_RECURSION = YES;
				CLANG_WARN_INT_CONVERSION = YES;
				CLANG_WARN_NON_LITERAL_NULL_CONVERSION = YES;
				CLANG_WARN_OBJC_IMPLICIT_RETAIN_SELF = YES;
				CLANG_WARN_OBJC_LITERAL_CONVERSION = YES;
				CLANG_WARN_OBJC_ROOT_CLASS = YES_ERROR;
				CLANG_WARN_QUOTED_INCLUDE_IN_FRAMEWORK_HEADER = YES;
				CLANG_WARN_RANGE_LOOP_ANALYSIS = YES;
				CLANG_WARN_STRICT_PROTOTYPES = YES;
				CLANG_WARN_SUSPICIOUS_MOVE = YES;
				CLANG_WARN_UNGUARDED_AVAILABILITY = YES_AGGRESSIVE;
				CLANG_WARN_UNREACHABLE_CODE = YES;
				CLANG_WARN__DUPLICATE_METHOD_MATCH = YES;
				COPY_PHASE_STRIP = NO;
				DEBUG_INFORMATION_FORMAT = "dwarf-with-dsym";
				ENABLE_NS_ASSERTIONS = NO;
				ENABLE_STRICT_OBJC_MSGSEND = YES;
				GCC_C_LANGUAGE_STANDARD = gnu11;
				GCC_NO_COMMON_BLOCKS = YES;
				GCC_WARN_64_TO_32_BIT_CONVERSION = YES;
				GCC_WARN_ABOUT_RETURN_TYPE = YES_ERROR;
				GCC_WARN_UNDECLARED_SELECTOR = YES;
				GCC_WARN_UNINITIALIZED_AUTOS = YES_AGGRESSIVE;
				GCC_WARN_UNUSED_FUNCTION = YES;
				GCC_WARN_UNUSED_VARIABLE = YES;
				IPHONEOS_DEPLOYMENT_TARGET = 16.2;
				MTL_ENABLE_DEBUG_INFO = NO;
				MTL_FAST_MATH = YES;
				SDKROOT = iphoneos;
				SWIFT_COMPILATION_MODE = wholemodule;
				SWIFT_OPTIMIZATION_LEVEL = "-O";
				VALIDATE_PRODUCT = YES;
			};
			name = Release;
		};
		894F138E2995848B00CF2A46 /* Debug */ = {
			isa = XCBuildConfiguration;
			buildSettings = {
				ASSETCATALOG_COMPILER_APPICON_NAME = AppIcon;
				ASSETCATALOG_COMPILER_GLOBAL_ACCENT_COLOR_NAME = AccentColor;
				CODE_SIGN_STYLE = Automatic;
				CURRENT_PROJECT_VERSION = 1;
				DEVELOPMENT_TEAM = ME5P4FP96N;
				GENERATE_INFOPLIST_FILE = YES;
				INFOPLIST_FILE = "simple-barometer/Info.plist";
				INFOPLIST_KEY_UIApplicationSupportsIndirectInputEvents = YES;
				INFOPLIST_KEY_UILaunchStoryboardName = LaunchScreen;
				INFOPLIST_KEY_UIMainStoryboardFile = Main;
				INFOPLIST_KEY_UISupportedInterfaceOrientations_iPad = "UIInterfaceOrientationPortrait UIInterfaceOrientationPortraitUpsideDown UIInterfaceOrientationLandscapeLeft UIInterfaceOrientationLandscapeRight";
				INFOPLIST_KEY_UISupportedInterfaceOrientations_iPhone = "UIInterfaceOrientationPortrait UIInterfaceOrientationLandscapeLeft UIInterfaceOrientationLandscapeRight";
				LD_RUNPATH_SEARCH_PATHS = (
					"$(inherited)",
					"@executable_path/Frameworks",
				);
				MARKETING_VERSION = 1.0;
				PRODUCT_BUNDLE_IDENTIFIER = "com.ice-cream-kid.simple-barometer-app";
				PRODUCT_NAME = "$(TARGET_NAME)";
				SWIFT_EMIT_LOC_STRINGS = YES;
				SWIFT_VERSION = 5.0;
				TARGETED_DEVICE_FAMILY = "1,2";
			};
			name = Debug;
		};
		894F138F2995848B00CF2A46 /* Release */ = {
			isa = XCBuildConfiguration;
			buildSettings = {
				ASSETCATALOG_COMPILER_APPICON_NAME = AppIcon;
				ASSETCATALOG_COMPILER_GLOBAL_ACCENT_COLOR_NAME = AccentColor;
				CODE_SIGN_STYLE = Automatic;
				CURRENT_PROJECT_VERSION = 1;
				DEVELOPMENT_TEAM = ME5P4FP96N;
				GENERATE_INFOPLIST_FILE = YES;
				INFOPLIST_FILE = "simple-barometer/Info.plist";
				INFOPLIST_KEY_UIApplicationSupportsIndirectInputEvents = YES;
				INFOPLIST_KEY_UILaunchStoryboardName = LaunchScreen;
				INFOPLIST_KEY_UIMainStoryboardFile = Main;
				INFOPLIST_KEY_UISupportedInterfaceOrientations_iPad = "UIInterfaceOrientationPortrait UIInterfaceOrientationPortraitUpsideDown UIInterfaceOrientationLandscapeLeft UIInterfaceOrientationLandscapeRight";
				INFOPLIST_KEY_UISupportedInterfaceOrientations_iPhone = "UIInterfaceOrientationPortrait UIInterfaceOrientationLandscapeLeft UIInterfaceOrientationLandscapeRight";
				LD_RUNPATH_SEARCH_PATHS = (
					"$(inherited)",
					"@executable_path/Frameworks",
				);
				MARKETING_VERSION = 1.0;
				PRODUCT_BUNDLE_IDENTIFIER = "com.ice-cream-kid.simple-barometer-app";
				PRODUCT_NAME = "$(TARGET_NAME)";
				SWIFT_EMIT_LOC_STRINGS = YES;
				SWIFT_VERSION = 5.0;
				TARGETED_DEVICE_FAMILY = "1,2";
			};
			name = Release;
		};
/* End XCBuildConfiguration section */

/* Begin XCConfigurationList section */
		894F13742995848A00CF2A46 /* Build configuration list for PBXProject "simple-barometer" */ = {
			isa = XCConfigurationList;
			buildConfigurations = (
				894F138B2995848B00CF2A46 /* Debug */,
				894F138C2995848B00CF2A46 /* Release */,
			);
			defaultConfigurationIsVisible = 0;
			defaultConfigurationName = Release;
		};
		894F138D2995848B00CF2A46 /* Build configuration list for PBXNativeTarget "simple-barometer" */ = {
			isa = XCConfigurationList;
			buildConfigurations = (
				894F138E2995848B00CF2A46 /* Debug */,
				894F138F2995848B00CF2A46 /* Release */,
			);
			defaultConfigurationIsVisible = 0;
			defaultConfigurationName = Release;
		};
/* End XCConfigurationList section */
	};
	rootObject = 894F13712995848A00CF2A46 /* Project object */;
}
